dependencies:
  hfudev/json:
    component_hash: 1d5a0b0c751cb21059d04052e4a215cfe0f1468abf950a812119f568b722b945
    dependencies: []
    source:
      registry_url: https://components.espressif.com/
      type: service
    version: 0.1.0
  idf:
    source:
      type: idf
    version: 6.0.1
direct_dependencies:
- hfudev/json
- idf
manifest_hash: fc670e09d4e1b724d5dc76c3d212f8e15184fee03120d4f8b81981e9352c085c
target: esp32s3
version: 3.0.0
